
Microsoft Visual Studio Solution File, Format Version 12.00
# Visual Studio 15
VisualStudioVersion = 15.0.26430.14
MinimumVisualStudioVersion = 10.0.40219.1
Project("{FAE04EC0-301F-11D3-BF4B-00C04F79EFBC}") = "iQueTool", "iQueTool\iQueTool.csproj", "{BDE052C7-ADF7-4B11-B142-D33AF0CCFCF7}"
EndProject
Global
	GlobalSection(SolutionConfigurationPlatforms) = preSolution
		Debug|Any CPU = Debug|Any CPU
		Release|Any CPU = Release|Any CPU
	EndGlobalSection
	GlobalSection(ProjectConfigurationPlatforms) = postSolution
		{BDE052C7-ADF7-4B11-B142-D33AF0CCFCF7}.Debug|Any CPU.ActiveCfg = Debug|Any CPU
		{BDE052C7-ADF7-4B11-B142-D33AF0CCFCF7}.Debug|Any CPU.Build.0 = Debug|Any CPU
		{BDE052C7-ADF7-4B11-B142-D33AF0CCFCF7}.Release|Any CPU.ActiveCfg = Release|Any CPU
		{BDE052C7-ADF7-4B11-B142-D33AF0CCFCF7}.Release|Any CPU.Build.0 = Release|Any CPU
	EndGlobalSection
	GlobalSection(SolutionProperties) = preSolution
		HideSolutionNode = FALSE
	EndGlobalSection
	GlobalSection(ExtensibilityGlobals) = postSolution
		SolutionGuid = {31D02C58-7F39-458B-B013-247BBC589470}
	EndGlobalSection
EndGlobal
